
Microsoft Visual Studio Solution File, Format Version 12.00
# Visual Studio Version 17
VisualStudioVersion = 17.5.33424.131
MinimumVisualStudioVersion = 10.0.40219.1
Project("{FAE04EC0-301F-11D3-BF4B-00C04F79EFBC}") = "RenameFile", "RenameFile\RenameFile.csproj", "{A152F034-000E-4B85-BDED-C9EA9241FE89}"
EndProject
Global
	GlobalSection(SolutionConfigurationPlatforms) = preSolution
		Debug|Any CPU = Debug|Any CPU
		Release|Any CPU = Release|Any CPU
	EndGlobalSection
	GlobalSection(ProjectConfigurationPlatforms) = postSolution
		{A152F034-000E-4B85-BDED-C9EA9241FE89}.Debug|Any CPU.ActiveCfg = Debug|Any CPU
		{A152F034-000E-4B85-BDED-C9EA9241FE89}.Debug|Any CPU.Build.0 = Debug|Any CPU
		{A152F034-000E-4B85-BDED-C9EA9241FE89}.Release|Any CPU.ActiveCfg = Release|Any CPU
		{A152F034-000E-4B85-BDED-C9EA9241FE89}.Release|Any CPU.Build.0 = Release|Any CPU
	EndGlobalSection
	GlobalSection(SolutionProperties) = preSolution
		HideSolutionNode = FALSE
	EndGlobalSection
	GlobalSection(ExtensibilityGlobals) = postSolution
		SolutionGuid = {AD3F6DD4-199F-435C-865A-FF0C4D3083FE}
	EndGlobalSection
EndGlobal
